<?xml version="1.0" encoding="utf-8"?>
<Project ToolsVersion="4.0" xmlns="http://schemas.microsoft.com/developer/msbuild/2003">
  <ItemGroup>
    <Filter Include="Source Files">
      <UniqueIdentifier>{4FC737F1-C7A5-4376-A066-2A32D752A2FF}</UniqueIdentifier>
      <Extensions>cpp;c;cc;cxx;c++;cppm;ixx;def;odl;idl;hpj;bat;asm;asmx</Extensions>
    </Filter>
    <Filter Include="Header Files">
      <UniqueIdentifier>{93995380-89BD-4b04-88EB-625FBE52EBFB}</UniqueIdentifier>
      <Extensions>h;hh;hpp;hxx;h++;hm;inl;inc;ipp;xsd</Extensions>
    </Filter>
    <Filter Include="Resource Files">
      <UniqueIdentifier>{67DA6AB6-F800-4c08-8B7A-83BB121AAD01}</UniqueIdentifier>
      <Extensions>rc;ico;cur;bmp;dlg;rc2;rct;bin;rgs;gif;jpg;jpeg;jpe;resx;tiff;tif;png;wav;mfcribbon-ms</Extensions>
    </Filter>
    <Filter Include="Header Files\stdext">
      <UniqueIdentifier>{7892b046-abe7-4f9c-b067-0288fccdbecc}</UniqueIdentifier>
    </Filter>
  </ItemGroup>
  <ItemGroup>
    <ClCompile Include="src\interface.cpp">
      <Filter>Source Files</Filter>
    </ClCompile>
    <ClCompile Include="src\luaexception.cpp">
      <Filter>Source Files</Filter>
    </ClCompile>
    <ClCompile Include="src\luainterface.cpp">
      <Filter>Source Files</Filter>
    </ClCompile>
    <ClCompile Include="src\luaobject.cpp">
      <Filter>Source Files</Filter>
    </ClCompile>
    <ClCompile Include="src\luavaluecasts.cpp">
      <Filter>Source Files</Filter>
    </ClCompile>
    <ClCompile Include="src\stdext\string.cpp">
      <Filter>Header Files\stdext</Filter>
    </ClCompile>
    <ClCompile Include="src\stdext\time.cpp">
      <Filter>Header Files\stdext</Filter>
    </ClCompile>
    <ClCompile Include="src\stdext\demangle.cpp">
      <Filter>Header Files\stdext</Filter>
    </ClCompile>
    <ClCompile Include="src\resourcemanager.cpp">
      <Filter>Source Files</Filter>
    </ClCompile>
  </ItemGroup>
  <ItemGroup>
    <ClInclude Include="src\declarations.h">
      <Filter>Header Files</Filter>
    </ClInclude>
    <ClInclude Include="src\luabinder.h">
      <Filter>Header Files</Filter>
    </ClInclude>
    <ClInclude Include="src\luaexception.h">
      <Filter>Header Files</Filter>
    </ClInclude>
    <ClInclude Include="src\luainterface.h">
      <Filter>Header Files</Filter>
    </ClInclude>
    <ClInclude Include="src\luaobject.h">
      <Filter>Header Files</Filter>
    </ClInclude>
    <ClInclude Include="src\luavaluecasts.h">
      <Filter>Header Files</Filter>
    </ClInclude>
    <ClInclude Include="src\stdext\exception.h">
      <Filter>Header Files</Filter>
    </ClInclude>
    <ClInclude Include="src\stdext\format.h">
      <Filter>Header Files</Filter>
    </ClInclude>
    <ClInclude Include="src\stdext\hash.h">
      <Filter>Header Files</Filter>
    </ClInclude>
    <ClInclude Include="src\stdext\net.h">
      <Filter>Header Files\stdext</Filter>
    </ClInclude>
    <ClInclude Include="src\stdext\stdext.h">
      <Filter>Header Files\stdext</Filter>
    </ClInclude>
    <ClInclude Include="src\stdext\storage.h">
      <Filter>Header Files\stdext</Filter>
    </ClInclude>
    <ClInclude Include="src\stdext\string.h">
      <Filter>Header Files\stdext</Filter>
    </ClInclude>
    <ClInclude Include="src\stdext\time.h">
      <Filter>Header Files\stdext</Filter>
    </ClInclude>
    <ClInclude Include="src\stdext\traits.h">
      <Filter>Header Files\stdext</Filter>
    </ClInclude>
    <ClInclude Include="src\stdext\types.h">
      <Filter>Header Files\stdext</Filter>
    </ClInclude>
    <ClInclude Include="src\stdext\demangle.h">
      <Filter>Header Files\stdext</Filter>
    </ClInclude>
    <ClInclude Include="src\stdext\dumper.h">
      <Filter>Header Files\stdext</Filter>
    </ClInclude>
    <ClInclude Include="src\stdext\cast.h">
      <Filter>Header Files\stdext</Filter>
    </ClInclude>
    <ClInclude Include="src\stdext\compiler.h">
      <Filter>Header Files\stdext</Filter>
    </ClInclude>
    <ClInclude Include="src\pch.h">
      <Filter>Header Files</Filter>
    </ClInclude>
    <ClInclude Include="src\resourcemanager.h">
      <Filter>Header Files</Filter>
    </ClInclude>
  </ItemGroup>
</Project>